schema: '2.0'
stages:
  data_ingestion:
    cmd: python src/data/data_ingestion.py
    deps:
    - path: data/raw/train.csv
      hash: md5
      md5: 358ac53596f540c74517dc050891c1b5
      size: 827954
    - path: params.yaml
      hash: md5
      md5: 1c79b24dc69465321328c7d4da87a538
      size: 546
    - path: src/data/data_ingestion.py
      hash: md5
      md5: d7c98c58c47194b9b88c4ac9516e7359
      size: 4414
    outs:
    - path: data/interim/test.csv
      hash: md5
      md5: 3f151ead02ea8c9b1d18cc16a02cc7c0
      size: 165759
    - path: data/interim/train.csv
      hash: md5
      md5: a7d5a97789c4e11b1b36b13b43d7cff7
      size: 662214
  data_preprocessing:
    cmd: python src/features/data_preprocessing.py
    deps:
    - path: data/external/chat_words_dictonary.json
      hash: md5
      md5: d5374fbe39d349c14db3bc37d73d76be
      size: 2974
    - path: data/interim/test.csv
      hash: md5
      md5: 3f151ead02ea8c9b1d18cc16a02cc7c0
      size: 165759
    - path: data/interim/train.csv
      hash: md5
      md5: a7d5a97789c4e11b1b36b13b43d7cff7
      size: 662214
    - path: src/features/data_preprocessing.py
      hash: md5
      md5: bd836bbcdab7c3186f187ce8f5e97700
      size: 5858
    outs:
    - path: data/processed/test.csv
      hash: md5
      md5: 8e827e0f0adafe5d06fab6978e0c8278
      size: 109730
    - path: data/processed/train.csv
      hash: md5
      md5: f480b3269b6374550b1b9fbe9317dcb2
      size: 439554
  feature_engineering:
    cmd: python src/features/feature_engineering.py
    deps:
    - path: data/processed/test.csv
      hash: md5
      md5: 8e827e0f0adafe5d06fab6978e0c8278
      size: 109730
    - path: data/processed/train.csv
      hash: md5
      md5: f480b3269b6374550b1b9fbe9317dcb2
      size: 439554
    - path: params.yaml
      hash: md5
      md5: 1c79b24dc69465321328c7d4da87a538
      size: 546
    - path: src/features/feature_engineering.py
      hash: md5
      md5: 012de1a24e9884e780af6c9b44603a79
      size: 4882
    outs:
    - path: data/features/test.csv
      hash: md5
      md5: 58b753bbb64b9432cbb0dac1afb2eb31
      size: 943867
    - path: data/features/train.csv
      hash: md5
      md5: 02fc5124368514764596cd41e248517e
      size: 3775739
    - path: models/vectorizers/bow.joblib
      hash: md5
      md5: 3b188d5897db04e63410b78e5069fd59
      size: 3196
  model_training:
    cmd: python src/models/train_model.py
    deps:
    - path: data/features/train.csv
      hash: md5
      md5: 02fc5124368514764596cd41e248517e
      size: 3775739
    - path: params.yaml
      hash: md5
      md5: 1c79b24dc69465321328c7d4da87a538
      size: 546
    - path: src/models/train_model.py
      hash: md5
      md5: ee8199d897a557616f36258c48f015d8
      size: 4316
    outs:
    - path: models/models/bagging_classifier.joblib
      hash: md5
      md5: bb8bb553ead538bc1c3f79402ee5178b
      size: 3063544
  model_evaluation:
    cmd: python src/models/evaluate_model.py
    deps:
    - path: data/features/test.csv
      hash: md5
      md5: 58b753bbb64b9432cbb0dac1afb2eb31
      size: 943867
    - path: models/models/bagging_classifier.joblib
      hash: md5
      md5: bb8bb553ead538bc1c3f79402ee5178b
      size: 3063544
